
Microsoft Visual Studio Solution File, Format Version 12.00
# Visual Studio 2012
Project("{FAE04EC0-301F-11D3-BF4B-00C04F79EFBC}") = "Csg", "Csg\Csg.csproj", "{2927716B-0E82-45A0-B6E2-8495CF5B600E}"
EndProject
Project("{FAE04EC0-301F-11D3-BF4B-00C04F79EFBC}") = "Csg.Test", "Csg.Test\Csg.Test.csproj", "{D3A4BEEA-48B1-4122-A8D4-C5D08106545B}"
EndProject
Global
	GlobalSection(SolutionConfigurationPlatforms) = preSolution
		Debug|Any CPU = Debug|Any CPU
		Release|Any CPU = Release|Any CPU
	EndGlobalSection
	GlobalSection(ProjectConfigurationPlatforms) = postSolution
		{2927716B-0E82-45A0-B6E2-8495CF5B600E}.Debug|Any CPU.ActiveCfg = Debug|Any CPU
		{2927716B-0E82-45A0-B6E2-8495CF5B600E}.Debug|Any CPU.Build.0 = Debug|Any CPU
		{2927716B-0E82-45A0-B6E2-8495CF5B600E}.Release|Any CPU.ActiveCfg = Release|Any CPU
		{2927716B-0E82-45A0-B6E2-8495CF5B600E}.Release|Any CPU.Build.0 = Release|Any CPU
		{D3A4BEEA-48B1-4122-A8D4-C5D08106545B}.Debug|Any CPU.ActiveCfg = Debug|Any CPU
		{D3A4BEEA-48B1-4122-A8D4-C5D08106545B}.Debug|Any CPU.Build.0 = Debug|Any CPU
		{D3A4BEEA-48B1-4122-A8D4-C5D08106545B}.Release|Any CPU.ActiveCfg = Release|Any CPU
		{D3A4BEEA-48B1-4122-A8D4-C5D08106545B}.Release|Any CPU.Build.0 = Release|Any CPU
	EndGlobalSection
EndGlobal
